
Microsoft Visual Studio Solution File, Format Version 12.00
# Visual Studio 15
VisualStudioVersion = 15.0.27004.2010
MinimumVisualStudioVersion = 10.0.40219.1
Project("{FAE04EC0-301F-11D3-BF4B-00C04F79EFBC}") = "MS2Extract", "MS2Extract\MS2Extract.csproj", "{312FB554-77D7-456B-88F6-A0C7C7CA673B}"
EndProject
Project("{9A19103F-16F7-4668-BE54-9A1E7A4F7556}") = "MiscUtils", "..\..\..\..\Users\Miyu\Documents\GitHub\MiscUtils\MiscUtils\MiscUtils.csproj", "{9778A7C2-4C51-4B53-BE42-D0FC44F78BEE}"
EndProject
Project("{9A19103F-16F7-4668-BE54-9A1E7A4F7556}") = "MS2Lib", "..\MS2Lib\MS2Lib\MS2Lib.csproj", "{E03E993C-7E8E-4FA3-88C1-D4D1DC081075}"
EndProject
Project("{9A19103F-16F7-4668-BE54-9A1E7A4F7556}") = "InteropDecrypt", "..\MS2Lib\InteropDecrypt\InteropDecrypt.csproj", "{1F35676D-F99B-414B-9412-6020F115792F}"
EndProject
Project("{8BC9CEB8-8B4A-11D0-8D11-00A0C91BC942}") = "Decrypt", "..\MS2Lib\Decrypt\Decrypt.vcxproj", "{74437649-BB70-41F0-8026-27A567443AE1}"
EndProject
Project("{FAE04EC0-301F-11D3-BF4B-00C04F79EFBC}") = "MS2Create", "MS2Create\MS2Create.csproj", "{1589C1E0-ED9D-4E5A-A617-46A43243B4CD}"
EndProject
Project("{FAE04EC0-301F-11D3-BF4B-00C04F79EFBC}") = "MS2FileHeaderExporter", "MS2FileHeaderExporter\MS2FileHeaderExporter.csproj", "{8EABEEB0-FF5B-4B4F-B9EA-0A43989805FE}"
EndProject
Project("{2150E333-8FDC-42A3-9474-1A3956D46DE8}") = "MS2Lib", "MS2Lib", "{99F0437D-D027-4818-9197-FAA1AEE55105}"
EndProject
Global
	GlobalSection(SolutionConfigurationPlatforms) = preSolution
		Debug|Any CPU = Debug|Any CPU
		Debug|x64 = Debug|x64
		Debug|x86 = Debug|x86
		Release|Any CPU = Release|Any CPU
		Release|x64 = Release|x64
		Release|x86 = Release|x86
	EndGlobalSection
	GlobalSection(ProjectConfigurationPlatforms) = postSolution
		{312FB554-77D7-456B-88F6-A0C7C7CA673B}.Debug|Any CPU.ActiveCfg = Debug|Any CPU
		{312FB554-77D7-456B-88F6-A0C7C7CA673B}.Debug|Any CPU.Build.0 = Debug|Any CPU
		{312FB554-77D7-456B-88F6-A0C7C7CA673B}.Debug|x64.ActiveCfg = Debug|x64
		{312FB554-77D7-456B-88F6-A0C7C7CA673B}.Debug|x64.Build.0 = Debug|x64
		{312FB554-77D7-456B-88F6-A0C7C7CA673B}.Debug|x86.ActiveCfg = Debug|x86
		{312FB554-77D7-456B-88F6-A0C7C7CA673B}.Debug|x86.Build.0 = Debug|x86
		{312FB554-77D7-456B-88F6-A0C7C7CA673B}.Release|Any CPU.ActiveCfg = Release|Any CPU
		{312FB554-77D7-456B-88F6-A0C7C7CA673B}.Release|Any CPU.Build.0 = Release|Any CPU
		{312FB554-77D7-456B-88F6-A0C7C7CA673B}.Release|x64.ActiveCfg = Release|x64
		{312FB554-77D7-456B-88F6-A0C7C7CA673B}.Release|x64.Build.0 = Release|x64
		{312FB554-77D7-456B-88F6-A0C7C7CA673B}.Release|x86.ActiveCfg = Release|x86
		{312FB554-77D7-456B-88F6-A0C7C7CA673B}.Release|x86.Build.0 = Release|x86
		{9778A7C2-4C51-4B53-BE42-D0FC44F78BEE}.Debug|Any CPU.ActiveCfg = Debug|Any CPU
		{9778A7C2-4C51-4B53-BE42-D0FC44F78BEE}.Debug|Any CPU.Build.0 = Debug|Any CPU
		{9778A7C2-4C51-4B53-BE42-D0FC44F78BEE}.Debug|x64.ActiveCfg = Debug|x64
		{9778A7C2-4C51-4B53-BE42-D0FC44F78BEE}.Debug|x64.Build.0 = Debug|x64
		{9778A7C2-4C51-4B53-BE42-D0FC44F78BEE}.Debug|x86.ActiveCfg = Debug|x86
		{9778A7C2-4C51-4B53-BE42-D0FC44F78BEE}.Debug|x86.Build.0 = Debug|x86
		{9778A7C2-4C51-4B53-BE42-D0FC44F78BEE}.Release|Any CPU.ActiveCfg = Release|Any CPU
		{9778A7C2-4C51-4B53-BE42-D0FC44F78BEE}.Release|Any CPU.Build.0 = Release|Any CPU
		{9778A7C2-4C51-4B53-BE42-D0FC44F78BEE}.Release|x64.ActiveCfg = Release|x64
		{9778A7C2-4C51-4B53-BE42-D0FC44F78BEE}.Release|x64.Build.0 = Release|x64
		{9778A7C2-4C51-4B53-BE42-D0FC44F78BEE}.Release|x86.ActiveCfg = Release|x86
		{9778A7C2-4C51-4B53-BE42-D0FC44F78BEE}.Release|x86.Build.0 = Release|x86
		{E03E993C-7E8E-4FA3-88C1-D4D1DC081075}.Debug|Any CPU.ActiveCfg = Debug|Any CPU
		{E03E993C-7E8E-4FA3-88C1-D4D1DC081075}.Debug|Any CPU.Build.0 = Debug|Any CPU
		{E03E993C-7E8E-4FA3-88C1-D4D1DC081075}.Debug|x64.ActiveCfg = Debug|x64
		{E03E993C-7E8E-4FA3-88C1-D4D1DC081075}.Debug|x64.Build.0 = Debug|x64
		{E03E993C-7E8E-4FA3-88C1-D4D1DC081075}.Debug|x86.ActiveCfg = Debug|x86
		{E03E993C-7E8E-4FA3-88C1-D4D1DC081075}.Debug|x86.Build.0 = Debug|x86
		{E03E993C-7E8E-4FA3-88C1-D4D1DC081075}.Release|Any CPU.ActiveCfg = Release|Any CPU
		{E03E993C-7E8E-4FA3-88C1-D4D1DC081075}.Release|Any CPU.Build.0 = Release|Any CPU
		{E03E993C-7E8E-4FA3-88C1-D4D1DC081075}.Release|x64.ActiveCfg = Release|x64
		{E03E993C-7E8E-4FA3-88C1-D4D1DC081075}.Release|x64.Build.0 = Release|x64
		{E03E993C-7E8E-4FA3-88C1-D4D1DC081075}.Release|x86.ActiveCfg = Release|x86
		{E03E993C-7E8E-4FA3-88C1-D4D1DC081075}.Release|x86.Build.0 = Release|x86
		{1F35676D-F99B-414B-9412-6020F115792F}.Debug|Any CPU.ActiveCfg = Debug|Any CPU
		{1F35676D-F99B-414B-9412-6020F115792F}.Debug|Any CPU.Build.0 = Debug|Any CPU
		{1F35676D-F99B-414B-9412-6020F115792F}.Debug|x64.ActiveCfg = Debug|x64
		{1F35676D-F99B-414B-9412-6020F115792F}.Debug|x64.Build.0 = Debug|x64
		{1F35676D-F99B-414B-9412-6020F115792F}.Debug|x86.ActiveCfg = Debug|x86
		{1F35676D-F99B-414B-9412-6020F115792F}.Debug|x86.Build.0 = Debug|x86
		{1F35676D-F99B-414B-9412-6020F115792F}.Release|Any CPU.ActiveCfg = Release|Any CPU
		{1F35676D-F99B-414B-9412-6020F115792F}.Release|Any CPU.Build.0 = Release|Any CPU
		{1F35676D-F99B-414B-9412-6020F115792F}.Release|x64.ActiveCfg = Release|x64
		{1F35676D-F99B-414B-9412-6020F115792F}.Release|x64.Build.0 = Release|x64
		{1F35676D-F99B-414B-9412-6020F115792F}.Release|x86.ActiveCfg = Release|x86
		{1F35676D-F99B-414B-9412-6020F115792F}.Release|x86.Build.0 = Release|x86
		{74437649-BB70-41F0-8026-27A567443AE1}.Debug|Any CPU.ActiveCfg = Debug|Win32
		{74437649-BB70-41F0-8026-27A567443AE1}.Debug|x64.ActiveCfg = Debug|x64
		{74437649-BB70-41F0-8026-27A567443AE1}.Debug|x64.Build.0 = Debug|x64
		{74437649-BB70-41F0-8026-27A567443AE1}.Debug|x86.ActiveCfg = Debug|Win32
		{74437649-BB70-41F0-8026-27A567443AE1}.Debug|x86.Build.0 = Debug|Win32
		{74437649-BB70-41F0-8026-27A567443AE1}.Release|Any CPU.ActiveCfg = Release|Win32
		{74437649-BB70-41F0-8026-27A567443AE1}.Release|x64.ActiveCfg = Release|x64
		{74437649-BB70-41F0-8026-27A567443AE1}.Release|x64.Build.0 = Release|x64
		{74437649-BB70-41F0-8026-27A567443AE1}.Release|x86.ActiveCfg = Release|Win32
		{74437649-BB70-41F0-8026-27A567443AE1}.Release|x86.Build.0 = Release|Win32
		{1589C1E0-ED9D-4E5A-A617-46A43243B4CD}.Debug|Any CPU.ActiveCfg = Debug|Any CPU
		{1589C1E0-ED9D-4E5A-A617-46A43243B4CD}.Debug|Any CPU.Build.0 = Debug|Any CPU
		{1589C1E0-ED9D-4E5A-A617-46A43243B4CD}.Debug|x64.ActiveCfg = Debug|x64
		{1589C1E0-ED9D-4E5A-A617-46A43243B4CD}.Debug|x64.Build.0 = Debug|x64
		{1589C1E0-ED9D-4E5A-A617-46A43243B4CD}.Debug|x86.ActiveCfg = Debug|x86
		{1589C1E0-ED9D-4E5A-A617-46A43243B4CD}.Debug|x86.Build.0 = Debug|x86
		{1589C1E0-ED9D-4E5A-A617-46A43243B4CD}.Release|Any CPU.ActiveCfg = Release|Any CPU
		{1589C1E0-ED9D-4E5A-A617-46A43243B4CD}.Release|Any CPU.Build.0 = Release|Any CPU
		{1589C1E0-ED9D-4E5A-A617-46A43243B4CD}.Release|x64.ActiveCfg = Release|x64
		{1589C1E0-ED9D-4E5A-A617-46A43243B4CD}.Release|x64.Build.0 = Release|x64
		{1589C1E0-ED9D-4E5A-A617-46A43243B4CD}.Release|x86.ActiveCfg = Release|x86
		{1589C1E0-ED9D-4E5A-A617-46A43243B4CD}.Release|x86.Build.0 = Release|x86
		{8EABEEB0-FF5B-4B4F-B9EA-0A43989805FE}.Debug|Any CPU.ActiveCfg = Debug|Any CPU
		{8EABEEB0-FF5B-4B4F-B9EA-0A43989805FE}.Debug|Any CPU.Build.0 = Debug|Any CPU
		{8EABEEB0-FF5B-4B4F-B9EA-0A43989805FE}.Debug|x64.ActiveCfg = Debug|Any CPU
		{8EABEEB0-FF5B-4B4F-B9EA-0A43989805FE}.Debug|x64.Build.0 = Debug|Any CPU
		{8EABEEB0-FF5B-4B4F-B9EA-0A43989805FE}.Debug|x86.ActiveCfg = Debug|Any CPU
		{8EABEEB0-FF5B-4B4F-B9EA-0A43989805FE}.Debug|x86.Build.0 = Debug|Any CPU
		{8EABEEB0-FF5B-4B4F-B9EA-0A43989805FE}.Release|Any CPU.ActiveCfg = Release|Any CPU
		{8EABEEB0-FF5B-4B4F-B9EA-0A43989805FE}.Release|Any CPU.Build.0 = Release|Any CPU
		{8EABEEB0-FF5B-4B4F-B9EA-0A43989805FE}.Release|x64.ActiveCfg = Release|x64
		{8EABEEB0-FF5B-4B4F-B9EA-0A43989805FE}.Release|x64.Build.0 = Release|x64
		{8EABEEB0-FF5B-4B4F-B9EA-0A43989805FE}.Release|x86.ActiveCfg = Release|x86
		{8EABEEB0-FF5B-4B4F-B9EA-0A43989805FE}.Release|x86.Build.0 = Release|x86
	EndGlobalSection
	GlobalSection(SolutionProperties) = preSolution
		HideSolutionNode = FALSE
	EndGlobalSection
	GlobalSection(NestedProjects) = preSolution
		{E03E993C-7E8E-4FA3-88C1-D4D1DC081075} = {99F0437D-D027-4818-9197-FAA1AEE55105}
		{1F35676D-F99B-414B-9412-6020F115792F} = {99F0437D-D027-4818-9197-FAA1AEE55105}
		{74437649-BB70-41F0-8026-27A567443AE1} = {99F0437D-D027-4818-9197-FAA1AEE55105}
	EndGlobalSection
	GlobalSection(ExtensibilityGlobals) = postSolution
		SolutionGuid = {9C96CD25-77D1-4CA9-8B27-7AB1D6004F13}
	EndGlobalSection
EndGlobal
